
Microsoft Visual Studio Solution File, Format Version 12.00
# Visual Studio Version 16
VisualStudioVersion = 16.0.30804.86
MinimumVisualStudioVersion = 10.0.40219.1
Project("{FAE04EC0-301F-11D3-BF4B-00C04F79EFBC}") = "BlazorServerSignalRApp", "BlazorServerSignalRApp\BlazorServerSignalRApp.csproj", "{9E3604DA-C808-4EC2-98AD-A8922BC0EFD7}"
EndProject
Global
	GlobalSection(SolutionConfigurationPlatforms) = preSolution
		Debug|Any CPU = Debug|Any CPU
		Release|Any CPU = Release|Any CPU
	EndGlobalSection
	GlobalSection(ProjectConfigurationPlatforms) = postSolution
		{9E3604DA-C808-4EC2-98AD-A8922BC0EFD7}.Debug|Any CPU.ActiveCfg = Debug|Any CPU
		{9E3604DA-C808-4EC2-98AD-A8922BC0EFD7}.Debug|Any CPU.Build.0 = Debug|Any CPU
		{9E3604DA-C808-4EC2-98AD-A8922BC0EFD7}.Release|Any CPU.ActiveCfg = Release|Any CPU
		{9E3604DA-C808-4EC2-98AD-A8922BC0EFD7}.Release|Any CPU.Build.0 = Release|Any CPU
	EndGlobalSection
	GlobalSection(SolutionProperties) = preSolution
		HideSolutionNode = FALSE
	EndGlobalSection
	GlobalSection(ExtensibilityGlobals) = postSolution
		SolutionGuid = {7CCD6381-4A5A-410E-93D5-E280CD690E70}
	EndGlobalSection
EndGlobal
